{
  "name": "flv",
  "version": "1.0.0",
  "lockfileVersion": 1,
  "requires": true,
  "dependencies": {
    "es6-promise": {
      "version": "4.2.6",
      "resolved": "https://registry.npmjs.org/es6-promise/-/es6-promise-4.2.6.tgz",
      "integrity": "sha512-aRVgGdnmW2OiySVPUC9e6m+plolMAJKjZnQlCwNSuK5yQ0JN61DZSO1X1Ufd1foqWRAlig0rhduTCHe7sVtK5Q=="
    },
    "flv.js": {
      "version": "1.5.0",
      "resolved": "https://registry.npmjs.org/flv.js/-/flv.js-1.5.0.tgz",
      "integrity": "sha512-7tFwccqkFXpA7RIED0KvuNny2qVnpuGc5nTGsRpzrCT+qtwIaZyciK5UgyvgtlAMYaPFzYS0wdI92JiSBKOyXw==",
      "requires": {
        "es6-promise": "4.2.6",
        "webworkify": "1.5.0"
      }
    },
    "webworkify": {
      "version": "1.5.0",
      "resolved": "https://registry.npmjs.org/webworkify/-/webworkify-1.5.0.tgz",
      "integrity": "sha512-AMcUeyXAhbACL8S2hqqdqOLqvJ8ylmIbNwUIqQujRSouf4+eUFaXbG6F1Rbu+srlJMmxQWsiU7mOJi0nMBfM1g=="
    }
  }
}
